// !$*UTF8*$!
{
	archiveVersion = 1;
	classes = {
	};
	objectVersion = 48;
	objects = {

/* Begin PBXBuildFile section */
		A9DA206F204C688200D52DC1 /* AppDelegate.swift in Sources */ = {isa = PBXBuildFile; fileRef = A9DA206E204C688200D52DC1 /* AppDelegate.swift */; };
		A9DA2071204C688200D52DC1 /* ViewController.swift in Sources */ = {isa = PBXBuildFile; fileRef = A9DA2070204C688200D52DC1 /* ViewController.swift */; };
		A9DA2074204C688200D52DC1 /* Main.storyboard in Resources */ = {isa = PBXBuildFile; fileRef = A9DA2072204C688200D52DC1 /* Main.storyboard */; };
		A9DA2077204C688200D52DC1 /* SaveToCloud.xcdatamodeld in Sources */ = {isa = PBXBuildFile; fileRef = A9DA2075204C688200D52DC1 /* SaveToCloud.xcdatamodeld */; };
		A9DA2079204C688200D52DC1 /* Assets.xcassets in Resources */ = {isa = PBXBuildFile; fileRef = A9DA2078204C688200D52DC1 /* Assets.xcassets */; };
		A9DA207C204C688200D52DC1 /* LaunchScreen.storyboard in Resources */ = {isa = PBXBuildFile; fileRef = A9DA207A204C688200D52DC1 /* LaunchScreen.storyboard */; };
		A9DA2086204C6EAD00D52DC1 /* CloudKit.framework in Frameworks */ = {isa = PBXBuildFile; fileRef = A9DA2085204C6EAD00D52DC1 /* CloudKit.framework */; };
/* End PBXBuildFile section */

/* Begin PBXFileReference section */
		A9DA206B204C688200D52DC1 /* SaveToCloud.app */ = {isa = PBXFileReference; explicitFileType = wrapper.application; includeInIndex = 0; path = SaveToCloud.app; sourceTree = BUILT_PRODUCTS_DIR; };
		A9DA206E204C688200D52DC1 /* AppDelegate.swift */ = {isa = PBXFileReference; lastKnownFileType = sourcecode.swift; path = AppDelegate.swift; sourceTree = "<group>"; };
		A9DA2070204C688200D52DC1 /* ViewController.swift */ = {isa = PBXFileReference; lastKnownFileType = sourcecode.swift; path = ViewController.swift; sourceTree = "<group>"; };
		A9DA2073204C688200D52DC1 /* Base */ = {isa = PBXFileReference; lastKnownFileType = file.storyboard; name = Base; path = Base.lproj/Main.storyboard; sourceTree = "<group>"; };
		A9DA2076204C688200D52DC1 /* SaveToCloud.xcdatamodel */ = {isa = PBXFileReference; lastKnownFileType = wrapper.xcdatamodel; path = SaveToCloud.xcdatamodel; sourceTree = "<group>"; };
		A9DA2078204C688200D52DC1 /* Assets.xcassets */ = {isa = PBXFileReference; lastKnownFileType = folder.assetcatalog; path = Assets.xcassets; sourceTree = "<group>"; };
		A9DA207B204C688200D52DC1 /* Base */ = {isa = PBXFileReference; lastKnownFileType = file.storyboard; name = Base; path = Base.lproj/LaunchScreen.storyboard; sourceTree = "<group>"; };
		A9DA207D204C688200D52DC1 /* Info.plist */ = {isa = PBXFileReference; lastKnownFileType = text.plist.xml; path = Info.plist; sourceTree = "<group>"; };
		A9DA2083204C6EA800D52DC1 /* SaveToCloud.entitlements */ = {isa = PBXFileReference; lastKnownFileType = text.plist.entitlements; path = SaveToCloud.entitlements; sourceTree = "<group>"; };
		A9DA2085204C6EAD00D52DC1 /* CloudKit.framework */ = {isa = PBXFileReference; lastKnownFileType = wrapper.framework; name = CloudKit.framework; path = System/Library/Frameworks/CloudKit.framework; sourceTree = SDKROOT; };
/* End PBXFileReference section */

/* Begin PBXFrameworksBuildPhase section */
		A9DA2068204C688200D52DC1 /* Frameworks */ = {
			isa = PBXFrameworksBuildPhase;
			buildActionMask = 2147483647;
			files = (
				A9DA2086204C6EAD00D52DC1 /* CloudKit.framework in Frameworks */,
			);
			runOnlyForDeploymentPostprocessing = 0;
		};
/* End PBXFrameworksBuildPhase section */

/* Begin PBXGroup section */
		A9DA2062204C688200D52DC1 = {
			isa = PBXGroup;
			children = (
				A9DA206D204C688200D52DC1 /* SaveToCloud */,
				A9DA206C204C688200D52DC1 /* Products */,
				A9DA2084204C6EAD00D52DC1 /* Frameworks */,
			);
			sourceTree = "<group>";
		};
		A9DA206C204C688200D52DC1 /* Products */ = {
			isa = PBXGroup;
			children = (
				A9DA206B204C688200D52DC1 /* SaveToCloud.app */,
			);
			name = Products;
			sourceTree = "<group>";
		};
		A9DA206D204C688200D52DC1 /* SaveToCloud */ = {
			isa = PBXGroup;
			children = (
				A9DA2083204C6EA800D52DC1 /* SaveToCloud.entitlements */,
				A9DA206E204C688200D52DC1 /* AppDelegate.swift */,
				A9DA2070204C688200D52DC1 /* ViewController.swift */,
				A9DA2072204C688200D52DC1 /* Main.storyboard */,
				A9DA2078204C688200D52DC1 /* Assets.xcassets */,
				A9DA207A204C688200D52DC1 /* LaunchScreen.storyboard */,
				A9DA207D204C688200D52DC1 /* Info.plist */,
				A9DA2075204C688200D52DC1 /* SaveToCloud.xcdatamodeld */,
			);
			path = SaveToCloud;
			sourceTree = "<group>";
		};
		A9DA2084204C6EAD00D52DC1 /* Frameworks */ = {
			isa = PBXGroup;
			children = (
				A9DA2085204C6EAD00D52DC1 /* CloudKit.framework */,
			);
			name = Frameworks;
			sourceTree = "<group>";
		};
/* End PBXGroup section */

/* Begin PBXNativeTarget section */
		A9DA206A204C688200D52DC1 /* SaveToCloud */ = {
			isa = PBXNativeTarget;
			buildConfigurationList = A9DA2080204C688200D52DC1 /* Build configuration list for PBXNativeTarget "SaveToCloud" */;
			buildPhases = (
				A9DA2067204C688200D52DC1 /* Sources */,
				A9DA2068204C688200D52DC1 /* Frameworks */,
				A9DA2069204C688200D52DC1 /* Resources */,
			);
			buildRules = (
			);
			dependencies = (
			);
			name = SaveToCloud;
			productName = SaveToCloud;
			productReference = A9DA206B204C688200D52DC1 /* SaveToCloud.app */;
			productType = "com.apple.product-type.application";
		};
/* End PBXNativeTarget section */

/* Begin PBXProject section */
		A9DA2063204C688200D52DC1 /* Project object */ = {
			isa = PBXProject;
			attributes = {
				LastSwiftUpdateCheck = 0920;
				LastUpgradeCheck = 0920;
				ORGANIZATIONNAME = "William Hettinger";
				TargetAttributes = {
					A9DA206A204C688200D52DC1 = {
						CreatedOnToolsVersion = 9.2;
						ProvisioningStyle = Automatic;
						SystemCapabilities = {
							com.apple.Push = {
								enabled = 1;
							};
							com.apple.iCloud = {
								enabled = 1;
							};
						};
					};
				};
			};
			buildConfigurationList = A9DA2066204C688200D52DC1 /* Build configuration list for PBXProject "SaveToCloud" */;
			compatibilityVersion = "Xcode 8.0";
			developmentRegion = en;
			hasScannedForEncodings = 0;
			knownRegions = (
				en,
				Base,
			);
			mainGroup = A9DA2062204C688200D52DC1;
			productRefGroup = A9DA206C204C688200D52DC1 /* Products */;
			projectDirPath = "";
			projectRoot = "";
			targets = (
				A9DA206A204C688200D52DC1 /* SaveToCloud */,
			);
		};
/* End PBXProject section */

/* Begin PBXResourcesBuildPhase section */
		A9DA2069204C688200D52DC1 /* Resources */ = {
			isa = PBXResourcesBuildPhase;
			buildActionMask = 2147483647;
			files = (
				A9DA207C204C688200D52DC1 /* LaunchScreen.storyboard in Resources */,
				A9DA2079204C688200D52DC1 /* Assets.xcassets in Resources */,
				A9DA2074204C688200D52DC1 /* Main.storyboard in Resources */,
			);
			runOnlyForDeploymentPostprocessing = 0;
		};
/* End PBXResourcesBuildPhase section */

/* Begin PBXSourcesBuildPhase section */
		A9DA2067204C688200D52DC1 /* Sources */ = {
			isa = PBXSourcesBuildPhase;
			buildActionMask = 2147483647;
			files = (
				A9DA2071204C688200D52DC1 /* ViewController.swift in Sources */,
				A9DA2077204C688200D52DC1 /* SaveToCloud.xcdatamodeld in Sources */,
				A9DA206F204C688200D52DC1 /* AppDelegate.swift in Sources */,
			);
			runOnlyForDeploymentPostprocessing = 0;
		};
/* End PBXSourcesBuildPhase section */

/* Begin PBXVariantGroup section */
		A9DA2072204C688200D52DC1 /* Main.storyboard */ = {
			isa = PBXVariantGroup;
			children = (
				A9DA2073204C688200D52DC1 /* Base */,
			);
			name = Main.storyboard;
			sourceTree = "<group>";
		};
		A9DA207A204C688200D52DC1 /* LaunchScreen.storyboard */ = {
			isa = PBXVariantGroup;
			children = (
				A9DA207B204C688200D52DC1 /* Base */,
			);
			name = LaunchScreen.storyboard;
			sourceTree = "<group>";
		};
/* End PBXVariantGroup section */

/* Begin XCBuildConfiguration section */
		A9DA207E204C688200D52DC1 /* Debug */ = {
			isa = XCBuildConfiguration;
			buildSettings = {
				ALWAYS_SEARCH_USER_PATHS = NO;
				CLANG_ANALYZER_NONNULL = YES;
				CLANG_ANALYZER_NUMBER_OBJECT_CONVERSION = YES_AGGRESSIVE;
				CLANG_CXX_LANGUAGE_STANDARD = "gnu++14";
				CLANG_CXX_LIBRARY = "libc++";
				CLANG_ENABLE_MODULES = YES;
				CLANG_ENABLE_OBJC_ARC = YES;
				CLANG_WARN_BLOCK_CAPTURE_AUTORELEASING = YES;
				CLANG_WARN_BOOL_CONVERSION = YES;
				CLANG_WARN_COMMA = YES;
				CLANG_WARN_CONSTANT_CONVERSION = YES;
				CLANG_WARN_DIRECT_OBJC_ISA_USAGE = YES_ERROR;
				CLANG_WARN_DOCUMENTATION_COMMENTS = YES;
				CLANG_WARN_EMPTY_BODY = YES;
				CLANG_WARN_ENUM_CONVERSION = YES;
				CLANG_WARN_INFINITE_RECURSION = YES;
				CLANG_WARN_INT_CONVERSION = YES;
				CLANG_WARN_NON_LITERAL_NULL_CONVERSION = YES;
				CLANG_WARN_OBJC_LITERAL_CONVERSION = YES;
				CLANG_WARN_OBJC_ROOT_CLASS = YES_ERROR;
				CLANG_WARN_RANGE_LOOP_ANALYSIS = YES;
				CLANG_WARN_STRICT_PROTOTYPES = YES;
				CLANG_WARN_SUSPICIOUS_MOVE = YES;
				CLANG_WARN_UNGUARDED_AVAILABILITY = YES_AGGRESSIVE;
				CLANG_WARN_UNREACHABLE_CODE = YES;
				CLANG_WARN__DUPLICATE_METHOD_MATCH = YES;
				CODE_SIGN_IDENTITY = "iPhone Developer";
				COPY_PHASE_STRIP = NO;
				DEBUG_INFORMATION_FORMAT = dwarf;
				ENABLE_STRICT_OBJC_MSGSEND = YES;
				ENABLE_TESTABILITY = YES;
				GCC_C_LANGUAGE_STANDARD = gnu11;
				GCC_DYNAMIC_NO_PIC = NO;
				GCC_NO_COMMON_BLOCKS = YES;
				GCC_OPTIMIZATION_LEVEL = 0;
				GCC_PREPROCESSOR_DEFINITIONS = (
					"DEBUG=1",
					"$(inherited)",
				);
				GCC_WARN_64_TO_32_BIT_CONVERSION = YES;
				GCC_WARN_ABOUT_RETURN_TYPE = YES_ERROR;
				GCC_WARN_UNDECLARED_SELECTOR = YES;
				GCC_WARN_UNINITIALIZED_AUTOS = YES_AGGRESSIVE;
				GCC_WARN_UNUSED_FUNCTION = YES;
				GCC_WARN_UNUSED_VARIABLE = YES;
				IPHONEOS_DEPLOYMENT_TARGET = 11.2;
				MTL_ENABLE_DEBUG_INFO = YES;
				ONLY_ACTIVE_ARCH = YES;
				SDKROOT = iphoneos;
				SWIFT_ACTIVE_COMPILATION_CONDITIONS = DEBUG;
				SWIFT_OPTIMIZATION_LEVEL = "-Onone";
			};
			name = Debug;
		};
		A9DA207F204C688200D52DC1 /* Release */ = {
			isa = XCBuildConfiguration;
			buildSettings = {
				ALWAYS_SEARCH_USER_PATHS = NO;
				CLANG_ANALYZER_NONNULL = YES;
				CLANG_ANALYZER_NUMBER_OBJECT_CONVERSION = YES_AGGRESSIVE;
				CLANG_CXX_LANGUAGE_STANDARD = "gnu++14";
				CLANG_CXX_LIBRARY = "libc++";
				CLANG_ENABLE_MODULES = YES;
				CLANG_ENABLE_OBJC_ARC = YES;
				CLANG_WARN_BLOCK_CAPTURE_AUTORELEASING = YES;
				CLANG_WARN_BOOL_CONVERSION = YES;
				CLANG_WARN_COMMA = YES;
				CLANG_WARN_CONSTANT_CONVERSION = YES;
				CLANG_WARN_DIRECT_OBJC_ISA_USAGE = YES_ERROR;
				CLANG_WARN_DOCUMENTATION_COMMENTS = YES;
				CLANG_WARN_EMPTY_BODY = YES;
				CLANG_WARN_ENUM_CONVERSION = YES;
				CLANG_WARN_INFINITE_RECURSION = YES;
				CLANG_WARN_INT_CONVERSION = YES;
				CLANG_WARN_NON_LITERAL_NULL_CONVERSION = YES;
				CLANG_WARN_OBJC_LITERAL_CONVERSION = YES;
				CLANG_WARN_OBJC_ROOT_CLASS = YES_ERROR;
				CLANG_WARN_RANGE_LOOP_ANALYSIS = YES;
				CLANG_WARN_STRICT_PROTOTYPES = YES;
				CLANG_WARN_SUSPICIOUS_MOVE = YES;
				CLANG_WARN_UNGUARDED_AVAILABILITY = YES_AGGRESSIVE;
				CLANG_WARN_UNREACHABLE_CODE = YES;
				CLANG_WARN__DUPLICATE_METHOD_MATCH = YES;
				CODE_SIGN_IDENTITY = "iPhone Developer";
				COPY_PHASE_STRIP = NO;
				DEBUG_INFORMATION_FORMAT = "dwarf-with-dsym";
				ENABLE_NS_ASSERTIONS = NO;
				ENABLE_STRICT_OBJC_MSGSEND = YES;
				GCC_C_LANGUAGE_STANDARD = gnu11;
				GCC_NO_COMMON_BLOCKS = YES;
				GCC_WARN_64_TO_32_BIT_CONVERSION = YES;
				GCC_WARN_ABOUT_RETURN_TYPE = YES_ERROR;
				GCC_WARN_UNDECLARED_SELECTOR = YES;
				GCC_WARN_UNINITIALIZED_AUTOS = YES_AGGRESSIVE;
				GCC_WARN_UNUSED_FUNCTION = YES;
				GCC_WARN_UNUSED_VARIABLE = YES;
				IPHONEOS_DEPLOYMENT_TARGET = 11.2;
				MTL_ENABLE_DEBUG_INFO = NO;
				SDKROOT = iphoneos;
				SWIFT_OPTIMIZATION_LEVEL = "-Owholemodule";
				VALIDATE_PRODUCT = YES;
			};
			name = Release;
		};
		A9DA2081204C688200D52DC1 /* Debug */ = {
			isa = XCBuildConfiguration;
			buildSettings = {
				ASSETCATALOG_COMPILER_APPICON_NAME = AppIcon;
				CODE_SIGN_ENTITLEMENTS = SaveToCloud/SaveToCloud.entitlements;
				CODE_SIGN_STYLE = Automatic;
				DEVELOPMENT_TEAM = 6G8U3S3YV7;
				INFOPLIST_FILE = SaveToCloud/Info.plist;
				LD_RUNPATH_SEARCH_PATHS = "$(inherited) @executable_path/Frameworks";
				PRODUCT_BUNDLE_IDENTIFIER = com.williamhettinger.SaveToCloud;
				PRODUCT_NAME = "$(TARGET_NAME)";
				SWIFT_VERSION = 4.0;
				TARGETED_DEVICE_FAMILY = "1,2";
			};
			name = Debug;
		};
		A9DA2082204C688200D52DC1 /* Release */ = {
			isa = XCBuildConfiguration;
			buildSettings = {
				ASSETCATALOG_COMPILER_APPICON_NAME = AppIcon;
				CODE_SIGN_ENTITLEMENTS = SaveToCloud/SaveToCloud.entitlements;
				CODE_SIGN_STYLE = Automatic;
				DEVELOPMENT_TEAM = 6G8U3S3YV7;
				INFOPLIST_FILE = SaveToCloud/Info.plist;
				LD_RUNPATH_SEARCH_PATHS = "$(inherited) @executable_path/Frameworks";
				PRODUCT_BUNDLE_IDENTIFIER = com.williamhettinger.SaveToCloud;
				PRODUCT_NAME = "$(TARGET_NAME)";
				SWIFT_VERSION = 4.0;
				TARGETED_DEVICE_FAMILY = "1,2";
			};
			name = Release;
		};
/* End XCBuildConfiguration section */

/* Begin XCConfigurationList section */
		A9DA2066204C688200D52DC1 /* Build configuration list for PBXProject "SaveToCloud" */ = {
			isa = XCConfigurationList;
			buildConfigurations = (
				A9DA207E204C688200D52DC1 /* Debug */,
				A9DA207F204C688200D52DC1 /* Release */,
			);
			defaultConfigurationIsVisible = 0;
			defaultConfigurationName = Release;
		};
		A9DA2080204C688200D52DC1 /* Build configuration list for PBXNativeTarget "SaveToCloud" */ = {
			isa = XCConfigurationList;
			buildConfigurations = (
				A9DA2081204C688200D52DC1 /* Debug */,
				A9DA2082204C688200D52DC1 /* Release */,
			);
			defaultConfigurationIsVisible = 0;
			defaultConfigurationName = Release;
		};
/* End XCConfigurationList section */

/* Begin XCVersionGroup section */
		A9DA2075204C688200D52DC1 /* SaveToCloud.xcdatamodeld */ = {
			isa = XCVersionGroup;
			children = (
				A9DA2076204C688200D52DC1 /* SaveToCloud.xcdatamodel */,
			);
			currentVersion = A9DA2076204C688200D52DC1 /* SaveToCloud.xcdatamodel */;
			path = SaveToCloud.xcdatamodeld;
			sourceTree = "<group>";
			versionGroupType = wrapper.xcdatamodel;
		};
/* End XCVersionGroup section */
	};
	rootObject = A9DA2063204C688200D52DC1 /* Project object */;
}
